
Microsoft Visual Studio Solution File, Format Version 12.00
# Visual Studio Version 16
VisualStudioVersion = 16.0.31911.196
MinimumVisualStudioVersion = 10.0.40219.1
Project("{FAE04EC0-301F-11D3-BF4B-00C04F79EFBC}") = "API_Learning", "API_Learning\API_Learning.csproj", "{CA33B328-7F23-493F-A4FF-944A0CA72837}"
EndProject
Global
	GlobalSection(SolutionConfigurationPlatforms) = preSolution
		Debug|Any CPU = Debug|Any CPU
		Release|Any CPU = Release|Any CPU
	EndGlobalSection
	GlobalSection(ProjectConfigurationPlatforms) = postSolution
		{CA33B328-7F23-493F-A4FF-944A0CA72837}.Debug|Any CPU.ActiveCfg = Debug|Any CPU
		{CA33B328-7F23-493F-A4FF-944A0CA72837}.Debug|Any CPU.Build.0 = Debug|Any CPU
		{CA33B328-7F23-493F-A4FF-944A0CA72837}.Release|Any CPU.ActiveCfg = Release|Any CPU
		{CA33B328-7F23-493F-A4FF-944A0CA72837}.Release|Any CPU.Build.0 = Release|Any CPU
	EndGlobalSection
	GlobalSection(SolutionProperties) = preSolution
		HideSolutionNode = FALSE
	EndGlobalSection
	GlobalSection(ExtensibilityGlobals) = postSolution
		SolutionGuid = {79CBCCD0-BDB0-4FDE-8477-8DD0EBA66C1A}
	EndGlobalSection
EndGlobal
